
Microsoft Visual Studio Solution File, Format Version 12.00
# Visual Studio 2013
VisualStudioVersion = 12.0.21005.1
MinimumVisualStudioVersion = 10.0.40219.1
Project("{FAE04EC0-301F-11D3-BF4B-00C04F79EFBC}") = "01. PointRotation", "01. RefactorAndSimplifyCode\01. PointRotation.csproj", "{78CCC3DE-8063-4281-99D0-2419A25E95AF}"
EndProject
Project("{FAE04EC0-301F-11D3-BF4B-00C04F79EFBC}") = "02. PrintMinMaxAndAvarage", "02. PrintMinMaxAndAvarage\02. PrintMinMaxAndAvarage.csproj", "{3C3EB251-42F1-418F-A444-56D8791BD4D2}"
EndProject
Global
	GlobalSection(SolutionConfigurationPlatforms) = preSolution
		Debug|Any CPU = Debug|Any CPU
		Release|Any CPU = Release|Any CPU
	EndGlobalSection
	GlobalSection(ProjectConfigurationPlatforms) = postSolution
		{78CCC3DE-8063-4281-99D0-2419A25E95AF}.Debug|Any CPU.ActiveCfg = Debug|Any CPU
		{78CCC3DE-8063-4281-99D0-2419A25E95AF}.Debug|Any CPU.Build.0 = Debug|Any CPU
		{78CCC3DE-8063-4281-99D0-2419A25E95AF}.Release|Any CPU.ActiveCfg = Release|Any CPU
		{78CCC3DE-8063-4281-99D0-2419A25E95AF}.Release|Any CPU.Build.0 = Release|Any CPU
		{3C3EB251-42F1-418F-A444-56D8791BD4D2}.Debug|Any CPU.ActiveCfg = Debug|Any CPU
		{3C3EB251-42F1-418F-A444-56D8791BD4D2}.Debug|Any CPU.Build.0 = Debug|Any CPU
		{3C3EB251-42F1-418F-A444-56D8791BD4D2}.Release|Any CPU.ActiveCfg = Release|Any CPU
		{3C3EB251-42F1-418F-A444-56D8791BD4D2}.Release|Any CPU.Build.0 = Release|Any CPU
	EndGlobalSection
	GlobalSection(SolutionProperties) = preSolution
		HideSolutionNode = FALSE
	EndGlobalSection
EndGlobal
