
Microsoft Visual Studio Solution File, Format Version 12.00
# Visual Studio 2012
Project("{FAE04EC0-301F-11D3-BF4B-00C04F79EFBC}") = "01. PrintSum", "01. PrintSum\01. PrintSum.csproj", "{1107EC2C-A8E9-42C6-8515-BA2274C6ADD3}"
EndProject
Project("{FAE04EC0-301F-11D3-BF4B-00C04F79EFBC}") = "02. PrintPerimeterAndArea", "02. PrintPerimeterAndArea\02. PrintPerimeterAndArea.csproj", "{461D6B51-89C1-4E91-99B2-5C78D11D8558}"
EndProject
Project("{FAE04EC0-301F-11D3-BF4B-00C04F79EFBC}") = "03. CompanyDetails", "03. CompanyDetails\03. CompanyDetails.csproj", "{D6ADDC95-E545-413D-8A4C-46626C01A898}"
EndProject
Project("{FAE04EC0-301F-11D3-BF4B-00C04F79EFBC}") = "04. DivisibleByFive", "04. DivisibleByFive\04. DivisibleByFive.csproj", "{DACFFA5C-6837-4023-954E-74CC427ABE17}"
EndProject
Project("{FAE04EC0-301F-11D3-BF4B-00C04F79EFBC}") = "05. PrintBiggerNumber", "05. PrintBiggerNumber\05. PrintBiggerNumber.csproj", "{1095AF47-4306-42E8-92BD-0744C2D69A85}"
EndProject
Project("{FAE04EC0-301F-11D3-BF4B-00C04F79EFBC}") = "06. QuadraticEquation", "06. QuadraticEquation\06. QuadraticEquation.csproj", "{05A6DF1F-F0D5-4689-B51E-6CAF3360097C}"
EndProject
Project("{FAE04EC0-301F-11D3-BF4B-00C04F79EFBC}") = "07. PrintSumOfCustomNumbers", "07. PrintSumOfCustomNumbers\07. PrintSumOfCustomNumbers.csproj", "{7A15B0D8-2310-4BE5-8F9B-5228B6813300}"
EndProject
Project("{FAE04EC0-301F-11D3-BF4B-00C04F79EFBC}") = "08. PrintNumbersFromOneToN", "08. PrintNumbersFromOneToN\08. PrintNumbersFromOneToN.csproj", "{77EBC4ED-26DA-45DB-8564-B69BB540DE70}"
EndProject
Project("{FAE04EC0-301F-11D3-BF4B-00C04F79EFBC}") = "09. FibonacciSequence", "09. FibonacciSequence\09. FibonacciSequence.csproj", "{0AC28192-CF19-421C-9669-8232178A7E83}"
EndProject
Project("{FAE04EC0-301F-11D3-BF4B-00C04F79EFBC}") = "10. CalculateSum", "10. CalculateSum\10. CalculateSum.csproj", "{CF8DE72A-69CE-4D1D-B460-1F31CD7DB9D7}"
EndProject
Project("{FAE04EC0-301F-11D3-BF4B-00C04F79EFBC}") = "11. FallingRocksGame", "11. FallingRocksGame\11. FallingRocksGame.csproj", "{6942AF07-F6C4-4B04-A2A4-C9BF2C2A3981}"
EndProject
Global
	GlobalSection(SolutionConfigurationPlatforms) = preSolution
		Debug|Any CPU = Debug|Any CPU
		Release|Any CPU = Release|Any CPU
	EndGlobalSection
	GlobalSection(ProjectConfigurationPlatforms) = postSolution
		{1107EC2C-A8E9-42C6-8515-BA2274C6ADD3}.Debug|Any CPU.ActiveCfg = Debug|Any CPU
		{1107EC2C-A8E9-42C6-8515-BA2274C6ADD3}.Debug|Any CPU.Build.0 = Debug|Any CPU
		{1107EC2C-A8E9-42C6-8515-BA2274C6ADD3}.Release|Any CPU.ActiveCfg = Release|Any CPU
		{1107EC2C-A8E9-42C6-8515-BA2274C6ADD3}.Release|Any CPU.Build.0 = Release|Any CPU
		{461D6B51-89C1-4E91-99B2-5C78D11D8558}.Debug|Any CPU.ActiveCfg = Debug|Any CPU
		{461D6B51-89C1-4E91-99B2-5C78D11D8558}.Debug|Any CPU.Build.0 = Debug|Any CPU
		{461D6B51-89C1-4E91-99B2-5C78D11D8558}.Release|Any CPU.ActiveCfg = Release|Any CPU
		{461D6B51-89C1-4E91-99B2-5C78D11D8558}.Release|Any CPU.Build.0 = Release|Any CPU
		{D6ADDC95-E545-413D-8A4C-46626C01A898}.Debug|Any CPU.ActiveCfg = Debug|Any CPU
		{D6ADDC95-E545-413D-8A4C-46626C01A898}.Debug|Any CPU.Build.0 = Debug|Any CPU
		{D6ADDC95-E545-413D-8A4C-46626C01A898}.Release|Any CPU.ActiveCfg = Release|Any CPU
		{D6ADDC95-E545-413D-8A4C-46626C01A898}.Release|Any CPU.Build.0 = Release|Any CPU
		{DACFFA5C-6837-4023-954E-74CC427ABE17}.Debug|Any CPU.ActiveCfg = Debug|Any CPU
		{DACFFA5C-6837-4023-954E-74CC427ABE17}.Debug|Any CPU.Build.0 = Debug|Any CPU
		{DACFFA5C-6837-4023-954E-74CC427ABE17}.Release|Any CPU.ActiveCfg = Release|Any CPU
		{DACFFA5C-6837-4023-954E-74CC427ABE17}.Release|Any CPU.Build.0 = Release|Any CPU
		{1095AF47-4306-42E8-92BD-0744C2D69A85}.Debug|Any CPU.ActiveCfg = Debug|Any CPU
		{1095AF47-4306-42E8-92BD-0744C2D69A85}.Debug|Any CPU.Build.0 = Debug|Any CPU
		{1095AF47-4306-42E8-92BD-0744C2D69A85}.Release|Any CPU.ActiveCfg = Release|Any CPU
		{1095AF47-4306-42E8-92BD-0744C2D69A85}.Release|Any CPU.Build.0 = Release|Any CPU
		{05A6DF1F-F0D5-4689-B51E-6CAF3360097C}.Debug|Any CPU.ActiveCfg = Debug|Any CPU
		{05A6DF1F-F0D5-4689-B51E-6CAF3360097C}.Debug|Any CPU.Build.0 = Debug|Any CPU
		{05A6DF1F-F0D5-4689-B51E-6CAF3360097C}.Release|Any CPU.ActiveCfg = Release|Any CPU
		{05A6DF1F-F0D5-4689-B51E-6CAF3360097C}.Release|Any CPU.Build.0 = Release|Any CPU
		{7A15B0D8-2310-4BE5-8F9B-5228B6813300}.Debug|Any CPU.ActiveCfg = Debug|Any CPU
		{7A15B0D8-2310-4BE5-8F9B-5228B6813300}.Debug|Any CPU.Build.0 = Debug|Any CPU
		{7A15B0D8-2310-4BE5-8F9B-5228B6813300}.Release|Any CPU.ActiveCfg = Release|Any CPU
		{7A15B0D8-2310-4BE5-8F9B-5228B6813300}.Release|Any CPU.Build.0 = Release|Any CPU
		{77EBC4ED-26DA-45DB-8564-B69BB540DE70}.Debug|Any CPU.ActiveCfg = Debug|Any CPU
		{77EBC4ED-26DA-45DB-8564-B69BB540DE70}.Debug|Any CPU.Build.0 = Debug|Any CPU
		{77EBC4ED-26DA-45DB-8564-B69BB540DE70}.Release|Any CPU.ActiveCfg = Release|Any CPU
		{77EBC4ED-26DA-45DB-8564-B69BB540DE70}.Release|Any CPU.Build.0 = Release|Any CPU
		{0AC28192-CF19-421C-9669-8232178A7E83}.Debug|Any CPU.ActiveCfg = Debug|Any CPU
		{0AC28192-CF19-421C-9669-8232178A7E83}.Debug|Any CPU.Build.0 = Debug|Any CPU
		{0AC28192-CF19-421C-9669-8232178A7E83}.Release|Any CPU.ActiveCfg = Release|Any CPU
		{0AC28192-CF19-421C-9669-8232178A7E83}.Release|Any CPU.Build.0 = Release|Any CPU
		{CF8DE72A-69CE-4D1D-B460-1F31CD7DB9D7}.Debug|Any CPU.ActiveCfg = Debug|Any CPU
		{CF8DE72A-69CE-4D1D-B460-1F31CD7DB9D7}.Debug|Any CPU.Build.0 = Debug|Any CPU
		{CF8DE72A-69CE-4D1D-B460-1F31CD7DB9D7}.Release|Any CPU.ActiveCfg = Release|Any CPU
		{CF8DE72A-69CE-4D1D-B460-1F31CD7DB9D7}.Release|Any CPU.Build.0 = Release|Any CPU
		{6942AF07-F6C4-4B04-A2A4-C9BF2C2A3981}.Debug|Any CPU.ActiveCfg = Debug|Any CPU
		{6942AF07-F6C4-4B04-A2A4-C9BF2C2A3981}.Debug|Any CPU.Build.0 = Debug|Any CPU
		{6942AF07-F6C4-4B04-A2A4-C9BF2C2A3981}.Release|Any CPU.ActiveCfg = Release|Any CPU
		{6942AF07-F6C4-4B04-A2A4-C9BF2C2A3981}.Release|Any CPU.Build.0 = Release|Any CPU
	EndGlobalSection
	GlobalSection(SolutionProperties) = preSolution
		HideSolutionNode = FALSE
	EndGlobalSection
EndGlobal
